
Microsoft Visual Studio Solution File, Format Version 12.00
# Visual Studio Version 16
VisualStudioVersion = 16.0.31205.134
MinimumVisualStudioVersion = 10.0.40219.1
Project("{FAE04EC0-301F-11D3-BF4B-00C04F79EFBC}") = "OBIS", "OBIS\OBIS.csproj", "{EFD7A308-9314-412D-A15C-8AA58C3890F1}"
EndProject
Global
	GlobalSection(SolutionConfigurationPlatforms) = preSolution
		Debug|Any CPU = Debug|Any CPU
		Release|Any CPU = Release|Any CPU
	EndGlobalSection
	GlobalSection(ProjectConfigurationPlatforms) = postSolution
		{EFD7A308-9314-412D-A15C-8AA58C3890F1}.Debug|Any CPU.ActiveCfg = Debug|Any CPU
		{EFD7A308-9314-412D-A15C-8AA58C3890F1}.Debug|Any CPU.Build.0 = Debug|Any CPU
		{EFD7A308-9314-412D-A15C-8AA58C3890F1}.Release|Any CPU.ActiveCfg = Release|Any CPU
		{EFD7A308-9314-412D-A15C-8AA58C3890F1}.Release|Any CPU.Build.0 = Release|Any CPU
	EndGlobalSection
	GlobalSection(SolutionProperties) = preSolution
		HideSolutionNode = FALSE
	EndGlobalSection
	GlobalSection(ExtensibilityGlobals) = postSolution
		SolutionGuid = {1A066085-68C1-4B8E-ADCD-A2D9019FE7D7}
	EndGlobalSection
EndGlobal
